
Microsoft Visual Studio Solution File, Format Version 11.00
# Visual Studio 2010
Project("{FAE04EC0-301F-11D3-BF4B-00C04F79EFBC}") = "MyNew.Northwind.UI.WPF", "MyNew.Northwind.UI.WPF\MyNew.Northwind.UI.WPF.csproj", "{49AA7665-02D5-4D85-BA69-EADA3C911C5E}"
EndProject
Project("{FAE04EC0-301F-11D3-BF4B-00C04F79EFBC}") = "Northwind.ViewModel", "Northwind.ViewModel\Northwind.ViewModel.csproj", "{F0E89367-B8C1-4F67-A8FB-9A6D3E7BA06B}"
EndProject
Project("{FAE04EC0-301F-11D3-BF4B-00C04F79EFBC}") = "Northwind.Data", "Northwind.Data\Northwind.Data.csproj", "{D1D70F44-5EBB-4465-8896-2517BFF7E605}"
EndProject
Project("{FAE04EC0-301F-11D3-BF4B-00C04F79EFBC}") = "Northwind.Application", "Northwind.Application\Northwind.Application.csproj", "{89154AE1-5AEE-4938-8695-B14F1FA0D9E1}"
	ProjectSection(ProjectDependencies) = postProject
		{EA3A5A30-34E8-4EF9-A867-D54AEA4C6856} = {EA3A5A30-34E8-4EF9-A867-D54AEA4C6856}
	EndProjectSection
EndProject
Project("{2150E333-8FDC-42A3-9474-1A3956D46DE8}") = "Tests", "Tests", "{4D0DE352-1B28-4CB6-A62F-905D69256CF5}"
EndProject
Project("{FAE04EC0-301F-11D3-BF4B-00C04F79EFBC}") = "Northwind.ViewModel.Tests", "Tests\Northwind.ViewModel.Tests\Northwind.ViewModel.Tests.csproj", "{6D53C8DC-59AD-41DE-A5EC-1C9C66894540}"
EndProject
Project("{2150E333-8FDC-42A3-9474-1A3956D46DE8}") = "Solution Items", "Solution Items", "{D2C75640-7FDE-46D7-90EF-A85C2F0B40E1}"
	ProjectSection(SolutionItems) = preProject
		Local.testsettings = Local.testsettings
		MyNew.Northwind.vsmdi = MyNew.Northwind.vsmdi
		TraceAndTestImpact.testsettings = TraceAndTestImpact.testsettings
	EndProjectSection
EndProject
Project("{FAE04EC0-301F-11D3-BF4B-00C04F79EFBC}") = "NorthWind.Service", "NorthWind.Service\NorthWind.Service.csproj", "{EA3A5A30-34E8-4EF9-A867-D54AEA4C6856}"
EndProject
Project("{FAE04EC0-301F-11D3-BF4B-00C04F79EFBC}") = "Northwind.Model", "Northwind.Model\Northwind.Model.csproj", "{114B68E8-0AE9-4993-BF0C-78B54D61FE2A}"
EndProject
Global
	GlobalSection(TestCaseManagementSettings) = postSolution
		CategoryFile = MyNew.Northwind.vsmdi
	EndGlobalSection
	GlobalSection(SolutionConfigurationPlatforms) = preSolution
		Debug|Any CPU = Debug|Any CPU
		Debug|Mixed Platforms = Debug|Mixed Platforms
		Debug|x86 = Debug|x86
		Release|Any CPU = Release|Any CPU
		Release|Mixed Platforms = Release|Mixed Platforms
		Release|x86 = Release|x86
	EndGlobalSection
	GlobalSection(ProjectConfigurationPlatforms) = postSolution
		{49AA7665-02D5-4D85-BA69-EADA3C911C5E}.Debug|Any CPU.ActiveCfg = Debug|x86
		{49AA7665-02D5-4D85-BA69-EADA3C911C5E}.Debug|Mixed Platforms.ActiveCfg = Debug|x86
		{49AA7665-02D5-4D85-BA69-EADA3C911C5E}.Debug|Mixed Platforms.Build.0 = Debug|x86
		{49AA7665-02D5-4D85-BA69-EADA3C911C5E}.Debug|x86.ActiveCfg = Debug|x86
		{49AA7665-02D5-4D85-BA69-EADA3C911C5E}.Debug|x86.Build.0 = Debug|x86
		{49AA7665-02D5-4D85-BA69-EADA3C911C5E}.Release|Any CPU.ActiveCfg = Release|x86
		{49AA7665-02D5-4D85-BA69-EADA3C911C5E}.Release|Mixed Platforms.ActiveCfg = Release|x86
		{49AA7665-02D5-4D85-BA69-EADA3C911C5E}.Release|Mixed Platforms.Build.0 = Release|x86
		{49AA7665-02D5-4D85-BA69-EADA3C911C5E}.Release|x86.ActiveCfg = Release|x86
		{49AA7665-02D5-4D85-BA69-EADA3C911C5E}.Release|x86.Build.0 = Release|x86
		{F0E89367-B8C1-4F67-A8FB-9A6D3E7BA06B}.Debug|Any CPU.ActiveCfg = Debug|Any CPU
		{F0E89367-B8C1-4F67-A8FB-9A6D3E7BA06B}.Debug|Any CPU.Build.0 = Debug|Any CPU
		{F0E89367-B8C1-4F67-A8FB-9A6D3E7BA06B}.Debug|Mixed Platforms.ActiveCfg = Debug|Any CPU
		{F0E89367-B8C1-4F67-A8FB-9A6D3E7BA06B}.Debug|Mixed Platforms.Build.0 = Debug|Any CPU
		{F0E89367-B8C1-4F67-A8FB-9A6D3E7BA06B}.Debug|x86.ActiveCfg = Debug|Any CPU
		{F0E89367-B8C1-4F67-A8FB-9A6D3E7BA06B}.Release|Any CPU.ActiveCfg = Release|Any CPU
		{F0E89367-B8C1-4F67-A8FB-9A6D3E7BA06B}.Release|Any CPU.Build.0 = Release|Any CPU
		{F0E89367-B8C1-4F67-A8FB-9A6D3E7BA06B}.Release|Mixed Platforms.ActiveCfg = Release|Any CPU
		{F0E89367-B8C1-4F67-A8FB-9A6D3E7BA06B}.Release|Mixed Platforms.Build.0 = Release|Any CPU
		{F0E89367-B8C1-4F67-A8FB-9A6D3E7BA06B}.Release|x86.ActiveCfg = Release|Any CPU
		{D1D70F44-5EBB-4465-8896-2517BFF7E605}.Debug|Any CPU.ActiveCfg = Debug|Any CPU
		{D1D70F44-5EBB-4465-8896-2517BFF7E605}.Debug|Any CPU.Build.0 = Debug|Any CPU
		{D1D70F44-5EBB-4465-8896-2517BFF7E605}.Debug|Mixed Platforms.ActiveCfg = Debug|Any CPU
		{D1D70F44-5EBB-4465-8896-2517BFF7E605}.Debug|Mixed Platforms.Build.0 = Debug|Any CPU
		{D1D70F44-5EBB-4465-8896-2517BFF7E605}.Debug|x86.ActiveCfg = Debug|Any CPU
		{D1D70F44-5EBB-4465-8896-2517BFF7E605}.Release|Any CPU.ActiveCfg = Release|Any CPU
		{D1D70F44-5EBB-4465-8896-2517BFF7E605}.Release|Any CPU.Build.0 = Release|Any CPU
		{D1D70F44-5EBB-4465-8896-2517BFF7E605}.Release|Mixed Platforms.ActiveCfg = Release|Any CPU
		{D1D70F44-5EBB-4465-8896-2517BFF7E605}.Release|Mixed Platforms.Build.0 = Release|Any CPU
		{D1D70F44-5EBB-4465-8896-2517BFF7E605}.Release|x86.ActiveCfg = Release|Any CPU
		{89154AE1-5AEE-4938-8695-B14F1FA0D9E1}.Debug|Any CPU.ActiveCfg = Debug|Any CPU
		{89154AE1-5AEE-4938-8695-B14F1FA0D9E1}.Debug|Any CPU.Build.0 = Debug|Any CPU
		{89154AE1-5AEE-4938-8695-B14F1FA0D9E1}.Debug|Mixed Platforms.ActiveCfg = Debug|Any CPU
		{89154AE1-5AEE-4938-8695-B14F1FA0D9E1}.Debug|Mixed Platforms.Build.0 = Debug|Any CPU
		{89154AE1-5AEE-4938-8695-B14F1FA0D9E1}.Debug|x86.ActiveCfg = Debug|Any CPU
		{89154AE1-5AEE-4938-8695-B14F1FA0D9E1}.Release|Any CPU.ActiveCfg = Release|Any CPU
		{89154AE1-5AEE-4938-8695-B14F1FA0D9E1}.Release|Any CPU.Build.0 = Release|Any CPU
		{89154AE1-5AEE-4938-8695-B14F1FA0D9E1}.Release|Mixed Platforms.ActiveCfg = Release|Any CPU
		{89154AE1-5AEE-4938-8695-B14F1FA0D9E1}.Release|Mixed Platforms.Build.0 = Release|Any CPU
		{89154AE1-5AEE-4938-8695-B14F1FA0D9E1}.Release|x86.ActiveCfg = Release|Any CPU
		{6D53C8DC-59AD-41DE-A5EC-1C9C66894540}.Debug|Any CPU.ActiveCfg = Debug|Any CPU
		{6D53C8DC-59AD-41DE-A5EC-1C9C66894540}.Debug|Any CPU.Build.0 = Debug|Any CPU
		{6D53C8DC-59AD-41DE-A5EC-1C9C66894540}.Debug|Mixed Platforms.ActiveCfg = Debug|Any CPU
		{6D53C8DC-59AD-41DE-A5EC-1C9C66894540}.Debug|Mixed Platforms.Build.0 = Debug|Any CPU
		{6D53C8DC-59AD-41DE-A5EC-1C9C66894540}.Debug|x86.ActiveCfg = Debug|Any CPU
		{6D53C8DC-59AD-41DE-A5EC-1C9C66894540}.Release|Any CPU.ActiveCfg = Release|Any CPU
		{6D53C8DC-59AD-41DE-A5EC-1C9C66894540}.Release|Any CPU.Build.0 = Release|Any CPU
		{6D53C8DC-59AD-41DE-A5EC-1C9C66894540}.Release|Mixed Platforms.ActiveCfg = Release|Any CPU
		{6D53C8DC-59AD-41DE-A5EC-1C9C66894540}.Release|Mixed Platforms.Build.0 = Release|Any CPU
		{6D53C8DC-59AD-41DE-A5EC-1C9C66894540}.Release|x86.ActiveCfg = Release|Any CPU
		{EA3A5A30-34E8-4EF9-A867-D54AEA4C6856}.Debug|Any CPU.ActiveCfg = Debug|Any CPU
		{EA3A5A30-34E8-4EF9-A867-D54AEA4C6856}.Debug|Any CPU.Build.0 = Debug|Any CPU
		{EA3A5A30-34E8-4EF9-A867-D54AEA4C6856}.Debug|Mixed Platforms.ActiveCfg = Debug|Any CPU
		{EA3A5A30-34E8-4EF9-A867-D54AEA4C6856}.Debug|Mixed Platforms.Build.0 = Debug|Any CPU
		{EA3A5A30-34E8-4EF9-A867-D54AEA4C6856}.Debug|x86.ActiveCfg = Debug|Any CPU
		{EA3A5A30-34E8-4EF9-A867-D54AEA4C6856}.Release|Any CPU.ActiveCfg = Release|Any CPU
		{EA3A5A30-34E8-4EF9-A867-D54AEA4C6856}.Release|Any CPU.Build.0 = Release|Any CPU
		{EA3A5A30-34E8-4EF9-A867-D54AEA4C6856}.Release|Mixed Platforms.ActiveCfg = Release|Any CPU
		{EA3A5A30-34E8-4EF9-A867-D54AEA4C6856}.Release|Mixed Platforms.Build.0 = Release|Any CPU
		{EA3A5A30-34E8-4EF9-A867-D54AEA4C6856}.Release|x86.ActiveCfg = Release|Any CPU
		{114B68E8-0AE9-4993-BF0C-78B54D61FE2A}.Debug|Any CPU.ActiveCfg = Debug|Any CPU
		{114B68E8-0AE9-4993-BF0C-78B54D61FE2A}.Debug|Any CPU.Build.0 = Debug|Any CPU
		{114B68E8-0AE9-4993-BF0C-78B54D61FE2A}.Debug|Mixed Platforms.ActiveCfg = Debug|Any CPU
		{114B68E8-0AE9-4993-BF0C-78B54D61FE2A}.Debug|Mixed Platforms.Build.0 = Debug|Any CPU
		{114B68E8-0AE9-4993-BF0C-78B54D61FE2A}.Debug|x86.ActiveCfg = Debug|Any CPU
		{114B68E8-0AE9-4993-BF0C-78B54D61FE2A}.Release|Any CPU.ActiveCfg = Release|Any CPU
		{114B68E8-0AE9-4993-BF0C-78B54D61FE2A}.Release|Any CPU.Build.0 = Release|Any CPU
		{114B68E8-0AE9-4993-BF0C-78B54D61FE2A}.Release|Mixed Platforms.ActiveCfg = Release|Any CPU
		{114B68E8-0AE9-4993-BF0C-78B54D61FE2A}.Release|Mixed Platforms.Build.0 = Release|Any CPU
		{114B68E8-0AE9-4993-BF0C-78B54D61FE2A}.Release|x86.ActiveCfg = Release|Any CPU
	EndGlobalSection
	GlobalSection(SolutionProperties) = preSolution
		HideSolutionNode = FALSE
	EndGlobalSection
	GlobalSection(NestedProjects) = preSolution
		{6D53C8DC-59AD-41DE-A5EC-1C9C66894540} = {4D0DE352-1B28-4CB6-A62F-905D69256CF5}
		{D2C75640-7FDE-46D7-90EF-A85C2F0B40E1} = {4D0DE352-1B28-4CB6-A62F-905D69256CF5}
	EndGlobalSection
EndGlobal
